{
    "_readme": [
        "This file locks the dependencies of your project to a known state",
        "Read more about it at https://getcomposer.org/doc/01-basic-usage.md#composer-lock-the-lock-file",
        "This file is @generated automatically"
    ],
    "content-hash": "ee69da91a535edea6a26c6ffcd7d8b80",
    "packages": [
        {
            "name": "composer/installers",
            "version": "v1.3.0",
            "source": {
                "type": "git",
                "url": "https://github.com/composer/installers.git",
                "reference": "79ad876c7498c0bbfe7eed065b8651c93bfd6045"
            },
            "dist": {
                "type": "zip",
                "url": "https://api.github.com/repos/composer/installers/zipball/79ad876c7498c0bbfe7eed065b8651c93bfd6045",
                "reference": "79ad876c7498c0bbfe7eed065b8651c93bfd6045",
                "shasum": ""
            },
            "require": {
                "composer-plugin-api": "^1.0"
            },
            "replace": {
                "roundcube/plugin-installer": "*",
                "shama/baton": "*"
            },
            "require-dev": {
                "composer/composer": "1.0.*@dev",
                "phpunit/phpunit": "4.1.*"
            },
            "type": "composer-plugin",
            "extra": {
                "class": "Composer\\Installers\\Plugin",
                "branch-alias": {
                    "dev-master": "1.0-dev"
                }
            },
            "autoload": {
                "psr-4": {
                    "Composer\\Installers\\": "src/Composer/Installers"
                }
            },
            "notification-url": "https://packagist.org/downloads/",
            "license": [
                "MIT"
            ],
            "authors": [
                {
                    "name": "Kyle Robinson Young",
                    "email": "kyle@dontkry.com",
                    "homepage": "https://github.com/shama"
                }
            ],
            "description": "A multi-framework Composer library installer",
            "homepage": "https://composer.github.io/installers/",
            "keywords": [
                "Craft",
                "Dolibarr",
                "Eliasis",
                "Hurad",
                "ImageCMS",
                "Kanboard",
                "MODX Evo",
                "Mautic",
                "Maya",
                "OXID",
                "Plentymarkets",
                "Porto",
                "RadPHP",
                "SMF",
                "Thelia",
                "WolfCMS",
                "agl",
                "aimeos",
                "annotatecms",
                "attogram",
                "bitrix",
                "cakephp",
                "chef",
                "cockpit",
                "codeigniter",
                "concrete5",
                "croogo",
                "dokuwiki",
                "drupal",
                "elgg",
                "expressionengine",
                "fuelphp",
                "grav",
                "installer",
                "itop",
                "joomla",
                "kohana",
                "laravel",
                "lavalite",
                "lithium",
                "magento",
                "mako",
                "mediawiki",
                "modulework",
                "moodle",
                "phpbb",
                "piwik",
                "ppi",
                "puppet",
                "reindex",
                "roundcube",
                "shopware",
                "silverstripe",
                "sydes",
                "symfony",
                "typo3",
                "wordpress",
                "yawik",
                "zend",
                "zikula"
            ],
            "time": "2017-04-24T06:37:16+00:00"
        },
        {
            "name": "drupal/bootstrap_kit",
            "version": "4.2.0-alpha1",
            "source": {
                "type": "git",
                "url": "https://git.drupal.org/project/bootstrap_kit",
                "reference": "8.x-4.2-alpha1"
            },
            "dist": {
                "type": "zip",
                "url": "https://ftp.drupal.org/files/projects/bootstrap_kit-8.x-4.2-alpha1.zip",
                "reference": null,
                "shasum": "a1632a2bc0e0c2c50a6e456ac73885d7a904b4e5"
            },
            "require": {
                "drupal/core": "*"
            },
            "require-dev": {
                "drupal/bricks": "*",
                "drupal/bricks_default": "*"
            },
            "type": "drupal-module",
            "extra": {
                "branch-alias": {
                    "dev-4.x": "4.x-dev"
                },
                "drupal": {
                    "version": "8.x-4.2-alpha1",
                    "datestamp": "1497114843"
                }
            },
            "notification-url": "https://packages.drupal.org/8/downloads",
            "license": [
                "GPL-2.0+"
            ],
            "authors": [
                {
                    "name": "tonystar",
                    "homepage": "https://www.drupal.org/user/787240"
                }
            ],
            "description": "Set of default layouts for Bootstrap 4.",
            "homepage": "https://www.drupal.org/project/bootstrap_kit",
            "support": {
                "source": "http://cgit.drupalcode.org/bootstrap_kit"
            }
        },
        {
            "name": "drupal/bricks",
            "version": "1.5.0",
            "source": {
                "type": "git",
                "url": "https://git.drupal.org/project/bricks",
                "reference": "8.x-1.5"
            },
            "dist": {
                "type": "zip",
                "url": "https://ftp.drupal.org/files/projects/bricks-8.x-1.5.zip",
                "reference": null,
                "shasum": "eec60675cf1866224db863e6a16dbd00799b8f0b"
            },
            "require": {
                "drupal/core": "~8.0"
            },
            "require-dev": {
                "drupal/entity_reference_revisions": "*",
                "drupal/inline_entity_form": "*"
            },
            "type": "drupal-module",
            "extra": {
                "branch-alias": {
                    "dev-1.x": "1.x-dev"
                },
                "drupal": {
                    "version": "8.x-1.5",
                    "datestamp": "1496768642"
                }
            },
            "notification-url": "https://packages.drupal.org/8/downloads",
            "license": [
                "GPL-2.0+"
            ],
            "authors": [
                {
                    "name": "tonystar",
                    "homepage": "https://www.drupal.org/user/787240"
                }
            ],
            "description": "Allows to create bricky content.",
            "homepage": "https://www.drupal.org/project/bricks",
            "support": {
                "source": "http://cgit.drupalcode.org/bricks"
            }
        },
        {
            "name": "drupal/tweme",
            "version": "4.1.0",
            "source": {
                "type": "git",
                "url": "https://git.drupal.org/project/tweme",
                "reference": "8.x-4.1"
            },
            "dist": {
                "type": "zip",
                "url": "https://ftp.drupal.org/files/projects/tweme-8.x-4.1.zip",
                "reference": null,
                "shasum": "d40a88e807befe9472363e8a381b4c5f32884364"
            },
            "require": {
                "drupal/core": "~8.0"
            },
            "type": "drupal-theme",
            "extra": {
                "branch-alias": {
                    "dev-4.x": "4.x-dev"
                },
                "drupal": {
                    "version": "8.x-4.1",
                    "datestamp": "1489922912"
                }
            },
            "notification-url": "https://packages.drupal.org/8/downloads",
            "license": [
                "GPL-2.0+"
            ],
            "authors": [
                {
                    "name": "tonystar",
                    "homepage": "https://www.drupal.org/user/787240"
                }
            ],
            "homepage": "https://www.drupal.org/project/tweme",
            "support": {
                "source": "http://cgit.drupalcode.org/tweme"
            }
        }
    ],
    "packages-dev": [],
    "aliases": [],
    "minimum-stability": "dev",
    "stability-flags": [],
    "prefer-stable": true,
    "prefer-lowest": false,
    "platform": [],
    "platform-dev": []
}
